
Microsoft Visual Studio Solution File, Format Version 12.00
# Visual Studio Version 17
VisualStudioVersion = 17.0.31903.59
MinimumVisualStudioVersion = 10.0.40219.1
Project("{FAE04EC0-301F-11D3-BF4B-00C04F79EFBC}") = "dotnetwebapp.WEB", "dotnetwebapp.WEB\dotnetwebapp.WEB.csproj", "{CFBA72F6-9462-4911-A1B5-A5F101E1B224}"
EndProject
Global
	GlobalSection(SolutionConfigurationPlatforms) = preSolution
		Debug|Any CPU = Debug|Any CPU
		Release|Any CPU = Release|Any CPU
	EndGlobalSection
	GlobalSection(SolutionProperties) = preSolution
		HideSolutionNode = FALSE
	EndGlobalSection
	GlobalSection(ProjectConfigurationPlatforms) = postSolution
		{CFBA72F6-9462-4911-A1B5-A5F101E1B224}.Debug|Any CPU.ActiveCfg = Debug|Any CPU
		{CFBA72F6-9462-4911-A1B5-A5F101E1B224}.Debug|Any CPU.Build.0 = Debug|Any CPU
		{CFBA72F6-9462-4911-A1B5-A5F101E1B224}.Release|Any CPU.ActiveCfg = Release|Any CPU
		{CFBA72F6-9462-4911-A1B5-A5F101E1B224}.Release|Any CPU.Build.0 = Release|Any CPU
	EndGlobalSection
EndGlobal
